// !$*UTF8*$!
{
	archiveVersion = 1;
	classes = {
	};
	objectVersion = 46;
	objects = {

/* Begin PBXBuildFile section */
		BF_5F731A8C41B8EF678FCA659A4831E730 /* GenericJSONType.swift in Sources */ = {isa = PBXBuildFile; fileRef = FR_7A9D27C92961F70697CC402205C2BDCE /* GenericJSONType.swift */; };
		BF_FF8578A70E9E67580540C16ED53D13AC /* GenericJSONType.swift in Sources */ = {isa = PBXBuildFile; fileRef = FR_7A9D27C92961F70697CC402205C2BDCE /* GenericJSONType.swift */; };
/* End PBXBuildFile section */

/* Begin PBXFileReference section */
		FR_5B8FF826E50A8C9D5809AE0303677E96 /* GenericJSONType.framework */ = {isa = PBXFileReference; explicitFileType = wrapper.framework; includeInIndex = 0; path = GenericJSONType.framework; sourceTree = BUILT_PRODUCTS_DIR; };
		FR_7A9D27C92961F70697CC402205C2BDCE /* GenericJSONType.swift */ = {isa = PBXFileReference; lastKnownFileType = sourcecode.swift; path = GenericJSONType.swift; sourceTree = "<group>"; };
		FR_A2679B02D445539F94C4B144D24A8606 /* GenericJSONType.framework */ = {isa = PBXFileReference; explicitFileType = wrapper.framework; includeInIndex = 0; path = GenericJSONType.framework; sourceTree = BUILT_PRODUCTS_DIR; };
/* End PBXFileReference section */

/* Begin PBXGroup section */
		G_51B655E42DA6D209D42790026E3D3EED = {
			isa = PBXGroup;
			children = (
				G_E1D4776C6BC0087D3353875F2ADA6666 /* Sources */,
				G_C9839F302EC45CD3A63B05447AA90246 /* Products */,
			);
			sourceTree = "<group>";
		};
		G_C9839F302EC45CD3A63B05447AA90246 /* Products */ = {
			isa = PBXGroup;
			children = (
				FR_5B8FF826E50A8C9D5809AE0303677E96 /* GenericJSONType.framework */,
				FR_A2679B02D445539F94C4B144D24A8606 /* GenericJSONType.framework */,
			);
			name = Products;
			sourceTree = "<group>";
		};
		G_E1D4776C6BC0087D3353875F2ADA6666 /* Sources */ = {
			isa = PBXGroup;
			children = (
				FR_7A9D27C92961F70697CC402205C2BDCE /* GenericJSONType.swift */,
			);
			path = Sources;
			sourceTree = "<group>";
		};
/* End PBXGroup section */

/* Begin PBXNativeTarget section */
		NT_0158C71C3758A8EEE44BBAF2D9C51A87 /* GenericJSONType_iOS */ = {
			isa = PBXNativeTarget;
			buildConfigurationList = CL_2D70F802226E713C19BDC788921BAC62 /* Build configuration list for PBXNativeTarget "GenericJSONType_iOS" */;
			buildPhases = (
				SBP_3D479C27D0B7A52AF0F13EA892332D0A /* Sources */,
			);
			buildRules = (
			);
			dependencies = (
			);
			name = GenericJSONType_iOS;
			productName = GenericJSONType_iOS;
			productReference = FR_5B8FF826E50A8C9D5809AE0303677E96 /* GenericJSONType.framework */;
			productType = "com.apple.product-type.framework";
		};
		NT_AD47EE0B77BBFDE34AB155282CBC832C /* GenericJSONType_macOS */ = {
			isa = PBXNativeTarget;
			buildConfigurationList = CL_D322DA2174D0363479DFAA9D9F8A3169 /* Build configuration list for PBXNativeTarget "GenericJSONType_macOS" */;
			buildPhases = (
				SBP_F2E13FEF7541B9265711DBA37F7FCB03 /* Sources */,
			);
			buildRules = (
			);
			dependencies = (
			);
			name = GenericJSONType_macOS;
			productName = GenericJSONType_macOS;
			productReference = FR_A2679B02D445539F94C4B144D24A8606 /* GenericJSONType.framework */;
			productType = "com.apple.product-type.framework";
		};
/* End PBXNativeTarget section */

/* Begin PBXProject section */
		P_745CE2499CDA28BB7EA72507453ECA39 /* Project object */ = {
			isa = PBXProject;
			attributes = {
				LastUpgradeCheck = 1000;
			};
			buildConfigurationList = CL_BF9CAD588BBF78859DE1699255E474EB /* Build configuration list for PBXProject "GenericJSONType" */;
			compatibilityVersion = "Xcode 3.2";
			developmentRegion = en;
			hasScannedForEncodings = 0;
			knownRegions = (
				en,
			);
			mainGroup = G_51B655E42DA6D209D42790026E3D3EED;
			projectDirPath = "";
			projectRoot = "";
			targets = (
				NT_0158C71C3758A8EEE44BBAF2D9C51A87 /* GenericJSONType_iOS */,
				NT_AD47EE0B77BBFDE34AB155282CBC832C /* GenericJSONType_macOS */,
			);
		};
/* End PBXProject section */

/* Begin PBXSourcesBuildPhase section */
		SBP_3D479C27D0B7A52AF0F13EA892332D0A /* Sources */ = {
			isa = PBXSourcesBuildPhase;
			buildActionMask = 2147483647;
			files = (
				BF_FF8578A70E9E67580540C16ED53D13AC /* GenericJSONType.swift in Sources */,
			);
			runOnlyForDeploymentPostprocessing = 0;
		};
		SBP_F2E13FEF7541B9265711DBA37F7FCB03 /* Sources */ = {
			isa = PBXSourcesBuildPhase;
			buildActionMask = 2147483647;
			files = (
				BF_5F731A8C41B8EF678FCA659A4831E730 /* GenericJSONType.swift in Sources */,
			);
			runOnlyForDeploymentPostprocessing = 0;
		};
/* End PBXSourcesBuildPhase section */

/* Begin XCBuildConfiguration section */
		BC_050C6C142379834C362BD887E31509C4 /* Release */ = {
			isa = XCBuildConfiguration;
			buildSettings = {
				ALWAYS_SEARCH_USER_PATHS = NO;
				CLANG_ANALYZER_NONNULL = YES;
				CLANG_ANALYZER_NUMBER_OBJECT_CONVERSION = YES_AGGRESSIVE;
				CLANG_CXX_LANGUAGE_STANDARD = "gnu++14";
				CLANG_CXX_LIBRARY = "libc++";
				CLANG_ENABLE_MODULES = YES;
				CLANG_ENABLE_OBJC_ARC = YES;
				CLANG_WARN_BLOCK_CAPTURE_AUTORELEASING = YES;
				CLANG_WARN_BOOL_CONVERSION = YES;
				CLANG_WARN_COMMA = YES;
				CLANG_WARN_CONSTANT_CONVERSION = YES;
				CLANG_WARN_DEPRECATED_OBJC_IMPLEMENTATIONS = YES;
				CLANG_WARN_DIRECT_OBJC_ISA_USAGE = YES_ERROR;
				CLANG_WARN_DOCUMENTATION_COMMENTS = YES;
				CLANG_WARN_EMPTY_BODY = YES;
				CLANG_WARN_ENUM_CONVERSION = YES;
				CLANG_WARN_INFINITE_RECURSION = YES;
				CLANG_WARN_INT_CONVERSION = YES;
				CLANG_WARN_NON_LITERAL_NULL_CONVERSION = YES;
				CLANG_WARN_OBJC_IMPLICIT_RETAIN_SELF = YES;
				CLANG_WARN_OBJC_LITERAL_CONVERSION = YES;
				CLANG_WARN_OBJC_ROOT_CLASS = YES_ERROR;
				CLANG_WARN_RANGE_LOOP_ANALYSIS = YES;
				CLANG_WARN_STRICT_PROTOTYPES = YES;
				CLANG_WARN_SUSPICIOUS_MOVE = YES;
				CLANG_WARN_UNGUARDED_AVAILABILITY = YES_AGGRESSIVE;
				CLANG_WARN_UNREACHABLE_CODE = YES;
				CLANG_WARN__DUPLICATE_METHOD_MATCH = YES;
				COPY_PHASE_STRIP = NO;
				DEBUG_INFORMATION_FORMAT = "dwarf-with-dsym";
				ENABLE_NS_ASSERTIONS = NO;
				ENABLE_STRICT_OBJC_MSGSEND = YES;
				GCC_C_LANGUAGE_STANDARD = gnu11;
				GCC_NO_COMMON_BLOCKS = YES;
				GCC_WARN_64_TO_32_BIT_CONVERSION = YES;
				GCC_WARN_ABOUT_RETURN_TYPE = YES_ERROR;
				GCC_WARN_UNDECLARED_SELECTOR = YES;
				GCC_WARN_UNINITIALIZED_AUTOS = YES_AGGRESSIVE;
				GCC_WARN_UNUSED_FUNCTION = YES;
				GCC_WARN_UNUSED_VARIABLE = YES;
				IPHONEOS_DEPLOYMENT_TARGET = 11.0;
				MACOSX_DEPLOYMENT_TARGET = 10.13;
				PRODUCT_NAME = "$(TARGET_NAME)";
				SWIFT_OPTIMIZATION_LEVEL = "-Owholemodule";
				SWIFT_VERSION = 4.2;
				VALIDATE_PRODUCT = YES;
			};
			name = Release;
		};
		BC_3F7E903093718FA4A7F31D3EF44B61E0 /* Release */ = {
			isa = XCBuildConfiguration;
			buildSettings = {
				APPLICATION_EXTENSION_API_ONLY = YES;
				CODE_SIGN_IDENTITY = "";
				CURRENT_PROJECT_VERSION = 1;
				DEFINES_MODULE = YES;
				DYLIB_COMPATIBILITY_VERSION = 1;
				DYLIB_CURRENT_VERSION = 1;
				DYLIB_INSTALL_NAME_BASE = "@rpath";
				INFOPLIST_FILE = Sources/Info.plist;
				INSTALL_PATH = "$(LOCAL_LIBRARY_DIR)/Frameworks";
				LD_RUNPATH_SEARCH_PATHS = "$(inherited) @executable_path/Frameworks";
				PRODUCT_BUNDLE_IDENTIFIER = "org.linusu.GenericJSONType-iOS";
				PRODUCT_NAME = GenericJSONType;
				SDKROOT = iphoneos;
				SKIP_INSTALL = YES;
				TARGETED_DEVICE_FAMILY = "1,2";
				VERSIONING_SYSTEM = "apple-generic";
			};
			name = Release;
		};
		BC_7D0186DCA8EBF19962AB8B6D3EC91B56 /* Debug */ = {
			isa = XCBuildConfiguration;
			buildSettings = {
				APPLICATION_EXTENSION_API_ONLY = YES;
				CODE_SIGN_IDENTITY = "";
				CURRENT_PROJECT_VERSION = 1;
				DEFINES_MODULE = YES;
				DYLIB_COMPATIBILITY_VERSION = 1;
				DYLIB_CURRENT_VERSION = 1;
				DYLIB_INSTALL_NAME_BASE = "@rpath";
				INFOPLIST_FILE = Sources/Info.plist;
				INSTALL_PATH = "$(LOCAL_LIBRARY_DIR)/Frameworks";
				LD_RUNPATH_SEARCH_PATHS = "$(inherited) @executable_path/Frameworks";
				PRODUCT_BUNDLE_IDENTIFIER = "org.linusu.GenericJSONType-iOS";
				PRODUCT_NAME = GenericJSONType;
				SDKROOT = iphoneos;
				SKIP_INSTALL = YES;
				TARGETED_DEVICE_FAMILY = "1,2";
				VERSIONING_SYSTEM = "apple-generic";
			};
			name = Debug;
		};
		BC_A5B31E6D39D9FE08A38E429312B9577E /* Debug */ = {
			isa = XCBuildConfiguration;
			buildSettings = {
				ALWAYS_SEARCH_USER_PATHS = NO;
				CLANG_ANALYZER_NONNULL = YES;
				CLANG_ANALYZER_NUMBER_OBJECT_CONVERSION = YES_AGGRESSIVE;
				CLANG_CXX_LANGUAGE_STANDARD = "gnu++14";
				CLANG_CXX_LIBRARY = "libc++";
				CLANG_ENABLE_MODULES = YES;
				CLANG_ENABLE_OBJC_ARC = YES;
				CLANG_WARN_BLOCK_CAPTURE_AUTORELEASING = YES;
				CLANG_WARN_BOOL_CONVERSION = YES;
				CLANG_WARN_COMMA = YES;
				CLANG_WARN_CONSTANT_CONVERSION = YES;
				CLANG_WARN_DEPRECATED_OBJC_IMPLEMENTATIONS = YES;
				CLANG_WARN_DIRECT_OBJC_ISA_USAGE = YES_ERROR;
				CLANG_WARN_DOCUMENTATION_COMMENTS = YES;
				CLANG_WARN_EMPTY_BODY = YES;
				CLANG_WARN_ENUM_CONVERSION = YES;
				CLANG_WARN_INFINITE_RECURSION = YES;
				CLANG_WARN_INT_CONVERSION = YES;
				CLANG_WARN_NON_LITERAL_NULL_CONVERSION = YES;
				CLANG_WARN_OBJC_IMPLICIT_RETAIN_SELF = YES;
				CLANG_WARN_OBJC_LITERAL_CONVERSION = YES;
				CLANG_WARN_OBJC_ROOT_CLASS = YES_ERROR;
				CLANG_WARN_RANGE_LOOP_ANALYSIS = YES;
				CLANG_WARN_STRICT_PROTOTYPES = YES;
				CLANG_WARN_SUSPICIOUS_MOVE = YES;
				CLANG_WARN_UNGUARDED_AVAILABILITY = YES_AGGRESSIVE;
				CLANG_WARN_UNREACHABLE_CODE = YES;
				CLANG_WARN__DUPLICATE_METHOD_MATCH = YES;
				COPY_PHASE_STRIP = NO;
				DEBUG_INFORMATION_FORMAT = dwarf;
				ENABLE_STRICT_OBJC_MSGSEND = YES;
				ENABLE_TESTABILITY = YES;
				GCC_C_LANGUAGE_STANDARD = gnu11;
				GCC_DYNAMIC_NO_PIC = NO;
				GCC_NO_COMMON_BLOCKS = YES;
				GCC_OPTIMIZATION_LEVEL = 0;
				GCC_PREPROCESSOR_DEFINITIONS = (
					"$(inherited)",
					"DEBUG=1",
				);
				GCC_WARN_64_TO_32_BIT_CONVERSION = YES;
				GCC_WARN_ABOUT_RETURN_TYPE = YES_ERROR;
				GCC_WARN_UNDECLARED_SELECTOR = YES;
				GCC_WARN_UNINITIALIZED_AUTOS = YES_AGGRESSIVE;
				GCC_WARN_UNUSED_FUNCTION = YES;
				GCC_WARN_UNUSED_VARIABLE = YES;
				IPHONEOS_DEPLOYMENT_TARGET = 11.0;
				MACOSX_DEPLOYMENT_TARGET = 10.13;
				MTL_ENABLE_DEBUG_INFO = YES;
				ONLY_ACTIVE_ARCH = YES;
				PRODUCT_NAME = "$(TARGET_NAME)";
				SWIFT_ACTIVE_COMPILATION_CONDITIONS = DEBUG;
				SWIFT_OPTIMIZATION_LEVEL = "-Onone";
				SWIFT_VERSION = 4.2;
			};
			name = Debug;
		};
		BC_AC93A7930CA9E41B9C4E17A6C0B6EBF7 /* Release */ = {
			isa = XCBuildConfiguration;
			buildSettings = {
				APPLICATION_EXTENSION_API_ONLY = YES;
				CODE_SIGN_IDENTITY = "";
				COMBINE_HIDPI_IMAGES = YES;
				CURRENT_PROJECT_VERSION = 1;
				DEFINES_MODULE = YES;
				DYLIB_COMPATIBILITY_VERSION = 1;
				DYLIB_CURRENT_VERSION = 1;
				DYLIB_INSTALL_NAME_BASE = "@rpath";
				INFOPLIST_FILE = Sources/Info.plist;
				INSTALL_PATH = "$(LOCAL_LIBRARY_DIR)/Frameworks";
				LD_RUNPATH_SEARCH_PATHS = "$(inherited) @executable_path/../Frameworks";
				PRODUCT_BUNDLE_IDENTIFIER = "org.linusu.GenericJSONType-macOS";
				PRODUCT_NAME = GenericJSONType;
				SDKROOT = macosx;
				SKIP_INSTALL = YES;
				VERSIONING_SYSTEM = "apple-generic";
			};
			name = Release;
		};
		BC_F5C98276A664A3FD03EE474B5EB8698C /* Debug */ = {
			isa = XCBuildConfiguration;
			buildSettings = {
				APPLICATION_EXTENSION_API_ONLY = YES;
				CODE_SIGN_IDENTITY = "";
				COMBINE_HIDPI_IMAGES = YES;
				CURRENT_PROJECT_VERSION = 1;
				DEFINES_MODULE = YES;
				DYLIB_COMPATIBILITY_VERSION = 1;
				DYLIB_CURRENT_VERSION = 1;
				DYLIB_INSTALL_NAME_BASE = "@rpath";
				INFOPLIST_FILE = Sources/Info.plist;
				INSTALL_PATH = "$(LOCAL_LIBRARY_DIR)/Frameworks";
				LD_RUNPATH_SEARCH_PATHS = "$(inherited) @executable_path/../Frameworks";
				PRODUCT_BUNDLE_IDENTIFIER = "org.linusu.GenericJSONType-macOS";
				PRODUCT_NAME = GenericJSONType;
				SDKROOT = macosx;
				SKIP_INSTALL = YES;
				VERSIONING_SYSTEM = "apple-generic";
			};
			name = Debug;
		};
/* End XCBuildConfiguration section */

/* Begin XCConfigurationList section */
		CL_2D70F802226E713C19BDC788921BAC62 /* Build configuration list for PBXNativeTarget "GenericJSONType_iOS" */ = {
			isa = XCConfigurationList;
			buildConfigurations = (
				BC_7D0186DCA8EBF19962AB8B6D3EC91B56 /* Debug */,
				BC_3F7E903093718FA4A7F31D3EF44B61E0 /* Release */,
			);
			defaultConfigurationIsVisible = 0;
			defaultConfigurationName = "";
		};
		CL_BF9CAD588BBF78859DE1699255E474EB /* Build configuration list for PBXProject "GenericJSONType" */ = {
			isa = XCConfigurationList;
			buildConfigurations = (
				BC_A5B31E6D39D9FE08A38E429312B9577E /* Debug */,
				BC_050C6C142379834C362BD887E31509C4 /* Release */,
			);
			defaultConfigurationIsVisible = 0;
			defaultConfigurationName = Debug;
		};
		CL_D322DA2174D0363479DFAA9D9F8A3169 /* Build configuration list for PBXNativeTarget "GenericJSONType_macOS" */ = {
			isa = XCConfigurationList;
			buildConfigurations = (
				BC_F5C98276A664A3FD03EE474B5EB8698C /* Debug */,
				BC_AC93A7930CA9E41B9C4E17A6C0B6EBF7 /* Release */,
			);
			defaultConfigurationIsVisible = 0;
			defaultConfigurationName = "";
		};
/* End XCConfigurationList section */
	};
	rootObject = P_745CE2499CDA28BB7EA72507453ECA39 /* Project object */;
}
